
Microsoft Visual Studio Solution File, Format Version 12.00
# Visual Studio Version 16
VisualStudioVersion = 16.0.31005.135
MinimumVisualStudioVersion = 10.0.40219.1
Project("{FAE04EC0-301F-11D3-BF4B-00C04F79EFBC}") = "G8_Starship", "PACS_starship\G8_Starship.csproj", "{B6FE9552-3FF1-48C5-8059-8F2788D047BC}"
EndProject
Project("{FAE04EC0-301F-11D3-BF4B-00C04F79EFBC}") = "G8_Methods", "G8_Methods\G8_Methods.csproj", "{4251111B-7B39-41AA-8311-E73457CEE377}"
EndProject
Project("{FAE04EC0-301F-11D3-BF4B-00C04F79EFBC}") = "G8_Planet", "G8_Planet\G8_Planet.csproj", "{323983E4-D9EE-4A29-A0FB-0870E051D2A4}"
EndProject
Global
	GlobalSection(SolutionConfigurationPlatforms) = preSolution
		Debug|Any CPU = Debug|Any CPU
		Release|Any CPU = Release|Any CPU
	EndGlobalSection
	GlobalSection(ProjectConfigurationPlatforms) = postSolution
		{B6FE9552-3FF1-48C5-8059-8F2788D047BC}.Debug|Any CPU.ActiveCfg = Debug|Any CPU
		{B6FE9552-3FF1-48C5-8059-8F2788D047BC}.Debug|Any CPU.Build.0 = Debug|Any CPU
		{B6FE9552-3FF1-48C5-8059-8F2788D047BC}.Release|Any CPU.ActiveCfg = Release|Any CPU
		{B6FE9552-3FF1-48C5-8059-8F2788D047BC}.Release|Any CPU.Build.0 = Release|Any CPU
		{4251111B-7B39-41AA-8311-E73457CEE377}.Debug|Any CPU.ActiveCfg = Debug|Any CPU
		{4251111B-7B39-41AA-8311-E73457CEE377}.Debug|Any CPU.Build.0 = Debug|Any CPU
		{4251111B-7B39-41AA-8311-E73457CEE377}.Release|Any CPU.ActiveCfg = Release|Any CPU
		{4251111B-7B39-41AA-8311-E73457CEE377}.Release|Any CPU.Build.0 = Release|Any CPU
		{323983E4-D9EE-4A29-A0FB-0870E051D2A4}.Debug|Any CPU.ActiveCfg = Debug|Any CPU
		{323983E4-D9EE-4A29-A0FB-0870E051D2A4}.Debug|Any CPU.Build.0 = Debug|Any CPU
		{323983E4-D9EE-4A29-A0FB-0870E051D2A4}.Release|Any CPU.ActiveCfg = Release|Any CPU
		{323983E4-D9EE-4A29-A0FB-0870E051D2A4}.Release|Any CPU.Build.0 = Release|Any CPU
	EndGlobalSection
	GlobalSection(SolutionProperties) = preSolution
		HideSolutionNode = FALSE
	EndGlobalSection
	GlobalSection(ExtensibilityGlobals) = postSolution
		SolutionGuid = {0CD49A40-0F42-4329-9369-43F84F639C2A}
	EndGlobalSection
EndGlobal
