
Microsoft Visual Studio Solution File, Format Version 12.00
# Visual Studio Version 16
VisualStudioVersion = 16.0.31205.134
MinimumVisualStudioVersion = 10.0.40219.1
Project("{FAE04EC0-301F-11D3-BF4B-00C04F79EFBC}") = "PACS", "PACS\PACS.csproj", "{11E05F63-D7F0-4456-A28F-16B926FB8EEF}"
EndProject
Project("{FAE04EC0-301F-11D3-BF4B-00C04F79EFBC}") = "Planet", "Planet\Planet.csproj", "{866E4F18-4B62-4733-8D8A-EE33994F9D1B}"
EndProject
Project("{FAE04EC0-301F-11D3-BF4B-00C04F79EFBC}") = "G8_DataAccess", "G8_DataAcess\G8_DataAccess.csproj", "{8EE6A2C8-E2EB-4927-98BE-AA471C5964CC}"
EndProject
Project("{FAE04EC0-301F-11D3-BF4B-00C04F79EFBC}") = "G8_Methods", "G8_Methods\G8_Methods.csproj", "{6C41C194-DF9C-4CD0-922E-719B1EE2B95C}"
EndProject
Global
	GlobalSection(SolutionConfigurationPlatforms) = preSolution
		Debug|Any CPU = Debug|Any CPU
		Release|Any CPU = Release|Any CPU
	EndGlobalSection
	GlobalSection(ProjectConfigurationPlatforms) = postSolution
		{11E05F63-D7F0-4456-A28F-16B926FB8EEF}.Debug|Any CPU.ActiveCfg = Debug|Any CPU
		{11E05F63-D7F0-4456-A28F-16B926FB8EEF}.Debug|Any CPU.Build.0 = Debug|Any CPU
		{11E05F63-D7F0-4456-A28F-16B926FB8EEF}.Release|Any CPU.ActiveCfg = Release|Any CPU
		{11E05F63-D7F0-4456-A28F-16B926FB8EEF}.Release|Any CPU.Build.0 = Release|Any CPU
		{866E4F18-4B62-4733-8D8A-EE33994F9D1B}.Debug|Any CPU.ActiveCfg = Debug|Any CPU
		{866E4F18-4B62-4733-8D8A-EE33994F9D1B}.Debug|Any CPU.Build.0 = Debug|Any CPU
		{866E4F18-4B62-4733-8D8A-EE33994F9D1B}.Release|Any CPU.ActiveCfg = Release|Any CPU
		{866E4F18-4B62-4733-8D8A-EE33994F9D1B}.Release|Any CPU.Build.0 = Release|Any CPU
		{8EE6A2C8-E2EB-4927-98BE-AA471C5964CC}.Debug|Any CPU.ActiveCfg = Debug|Any CPU
		{8EE6A2C8-E2EB-4927-98BE-AA471C5964CC}.Debug|Any CPU.Build.0 = Debug|Any CPU
		{8EE6A2C8-E2EB-4927-98BE-AA471C5964CC}.Release|Any CPU.ActiveCfg = Release|Any CPU
		{8EE6A2C8-E2EB-4927-98BE-AA471C5964CC}.Release|Any CPU.Build.0 = Release|Any CPU
		{6C41C194-DF9C-4CD0-922E-719B1EE2B95C}.Debug|Any CPU.ActiveCfg = Debug|Any CPU
		{6C41C194-DF9C-4CD0-922E-719B1EE2B95C}.Debug|Any CPU.Build.0 = Debug|Any CPU
		{6C41C194-DF9C-4CD0-922E-719B1EE2B95C}.Release|Any CPU.ActiveCfg = Release|Any CPU
		{6C41C194-DF9C-4CD0-922E-719B1EE2B95C}.Release|Any CPU.Build.0 = Release|Any CPU
	EndGlobalSection
	GlobalSection(SolutionProperties) = preSolution
		HideSolutionNode = FALSE
	EndGlobalSection
	GlobalSection(ExtensibilityGlobals) = postSolution
		SolutionGuid = {59F5AB3D-4AA8-43AF-81C7-04BDB29E66F3}
	EndGlobalSection
EndGlobal
